// !$*UTF8*$!
{
	archiveVersion = 1;
	classes = {
	};
	objectVersion = 55;
	objects = {

/* Begin PBXBuildFile section */
		3A17219E288D2DA5004CFCA9 /* LoginView.swift in Sources */ = {isa = PBXBuildFile; fileRef = 3A17219D288D2DA5004CFCA9 /* LoginView.swift */; };
		3A1721A0288D2DB0004CFCA9 /* RegistrationView.swift in Sources */ = {isa = PBXBuildFile; fileRef = 3A17219F288D2DB0004CFCA9 /* RegistrationView.swift */; };
		3A1721A2288D2FED004CFCA9 /* RoundedShape.swift in Sources */ = {isa = PBXBuildFile; fileRef = 3A1721A1288D2FED004CFCA9 /* RoundedShape.swift */; };
		3A1721A4288D46C0004CFCA9 /* CustomInputField.swift in Sources */ = {isa = PBXBuildFile; fileRef = 3A1721A3288D46C0004CFCA9 /* CustomInputField.swift */; };
		3A4262D8288FDA6400962D0C /* AuthHeaderView.swift in Sources */ = {isa = PBXBuildFile; fileRef = 3A4262D7288FDA6400962D0C /* AuthHeaderView.swift */; };
		3A4262DA28902D6600962D0C /* GoogleService-Info.plist in Resources */ = {isa = PBXBuildFile; fileRef = 3A4262D928902D6600962D0C /* GoogleService-Info.plist */; };
		3A4262DD28902EBD00962D0C /* FirebaseAuth in Frameworks */ = {isa = PBXBuildFile; productRef = 3A4262DC28902EBD00962D0C /* FirebaseAuth */; };
		3A4262DF28902EBD00962D0C /* FirebaseFirestore in Frameworks */ = {isa = PBXBuildFile; productRef = 3A4262DE28902EBD00962D0C /* FirebaseFirestore */; };
		3A4262E128902EBD00962D0C /* FirebaseFirestoreSwift in Frameworks */ = {isa = PBXBuildFile; productRef = 3A4262E028902EBD00962D0C /* FirebaseFirestoreSwift */; };
		3A4262E328902EBD00962D0C /* FirebaseStorage in Frameworks */ = {isa = PBXBuildFile; productRef = 3A4262E228902EBD00962D0C /* FirebaseStorage */; };
		3A42634A2891843600962D0C /* AuthViewModel.swift in Sources */ = {isa = PBXBuildFile; fileRef = 3A4263492891843600962D0C /* AuthViewModel.swift */; };
		3A5EF2C02881CC9D00CFEBA6 /* TwitterCloneSwiftUIApp.swift in Sources */ = {isa = PBXBuildFile; fileRef = 3A5EF2BF2881CC9D00CFEBA6 /* TwitterCloneSwiftUIApp.swift */; };
		3A5EF2C22881CC9D00CFEBA6 /* ContentView.swift in Sources */ = {isa = PBXBuildFile; fileRef = 3A5EF2C12881CC9D00CFEBA6 /* ContentView.swift */; };
		3A5EF2C42881CCA200CFEBA6 /* Assets.xcassets in Resources */ = {isa = PBXBuildFile; fileRef = 3A5EF2C32881CCA200CFEBA6 /* Assets.xcassets */; };
		3A5EF2C72881CCA200CFEBA6 /* Preview Assets.xcassets in Resources */ = {isa = PBXBuildFile; fileRef = 3A5EF2C62881CCA200CFEBA6 /* Preview Assets.xcassets */; };
		3A5EF2D92881CF4600CFEBA6 /* FeedView.swift in Sources */ = {isa = PBXBuildFile; fileRef = 3A5EF2D82881CF4600CFEBA6 /* FeedView.swift */; };
		3A5EF2DE2883C33200CFEBA6 /* TweetRowView.swift in Sources */ = {isa = PBXBuildFile; fileRef = 3A5EF2DD2883C33200CFEBA6 /* TweetRowView.swift */; };
		3A5EF2E12883CA7A00CFEBA6 /* MainTabView.swift in Sources */ = {isa = PBXBuildFile; fileRef = 3A5EF2E02883CA7A00CFEBA6 /* MainTabView.swift */; };
		3A5EF2E82883CD1B00CFEBA6 /* ExploreView.swift in Sources */ = {isa = PBXBuildFile; fileRef = 3A5EF2E72883CD1B00CFEBA6 /* ExploreView.swift */; };
		3A5EF2EA2883CD3900CFEBA6 /* NotificationView.swift in Sources */ = {isa = PBXBuildFile; fileRef = 3A5EF2E92883CD3900CFEBA6 /* NotificationView.swift */; };
		3A5EF2EC2883CD4400CFEBA6 /* MessageView.swift in Sources */ = {isa = PBXBuildFile; fileRef = 3A5EF2EB2883CD4400CFEBA6 /* MessageView.swift */; };
		3A5EF2F02883E69900CFEBA6 /* ProfileView.swift in Sources */ = {isa = PBXBuildFile; fileRef = 3A5EF2EF2883E69900CFEBA6 /* ProfileView.swift */; };
		3A5EF32D28898A9200CFEBA6 /* TweetFilterViewModel.swift in Sources */ = {isa = PBXBuildFile; fileRef = 3A5EF32C28898A9100CFEBA6 /* TweetFilterViewModel.swift */; };
		3A5EF3322889944200CFEBA6 /* UserRowView.swift in Sources */ = {isa = PBXBuildFile; fileRef = 3A5EF3312889944200CFEBA6 /* UserRowView.swift */; };
		3A5EF337288C2A0500CFEBA6 /* SideMenuView.swift in Sources */ = {isa = PBXBuildFile; fileRef = 3A5EF336288C2A0500CFEBA6 /* SideMenuView.swift */; };
		3A5EF339288C2A1500CFEBA6 /* SideMenuOptionRowView.swift in Sources */ = {isa = PBXBuildFile; fileRef = 3A5EF338288C2A1500CFEBA6 /* SideMenuOptionRowView.swift */; };
		3A5EF33B288C2AB100CFEBA6 /* SideMenuViewModel.swift in Sources */ = {isa = PBXBuildFile; fileRef = 3A5EF33A288C2AB100CFEBA6 /* SideMenuViewModel.swift */; };
		3A5EF33D288C2D7800CFEBA6 /* UserStatusView.swift in Sources */ = {isa = PBXBuildFile; fileRef = 3A5EF33C288C2D7800CFEBA6 /* UserStatusView.swift */; };
		3A5EF342288D205500CFEBA6 /* NewTweetView.swift in Sources */ = {isa = PBXBuildFile; fileRef = 3A5EF341288D205500CFEBA6 /* NewTweetView.swift */; };
		3A5EF344288D236100CFEBA6 /* TextArea.swift in Sources */ = {isa = PBXBuildFile; fileRef = 3A5EF343288D236100CFEBA6 /* TextArea.swift */; };
/* End PBXBuildFile section */

/* Begin PBXFileReference section */
		3A17219D288D2DA5004CFCA9 /* LoginView.swift */ = {isa = PBXFileReference; lastKnownFileType = sourcecode.swift; path = LoginView.swift; sourceTree = "<group>"; };
		3A17219F288D2DB0004CFCA9 /* RegistrationView.swift */ = {isa = PBXFileReference; lastKnownFileType = sourcecode.swift; path = RegistrationView.swift; sourceTree = "<group>"; };
		3A1721A1288D2FED004CFCA9 /* RoundedShape.swift */ = {isa = PBXFileReference; lastKnownFileType = sourcecode.swift; path = RoundedShape.swift; sourceTree = "<group>"; };
		3A1721A3288D46C0004CFCA9 /* CustomInputField.swift */ = {isa = PBXFileReference; lastKnownFileType = sourcecode.swift; path = CustomInputField.swift; sourceTree = "<group>"; };
		3A4262D7288FDA6400962D0C /* AuthHeaderView.swift */ = {isa = PBXFileReference; lastKnownFileType = sourcecode.swift; path = AuthHeaderView.swift; sourceTree = "<group>"; };
		3A4262D928902D6600962D0C /* GoogleService-Info.plist */ = {isa = PBXFileReference; fileEncoding = 4; lastKnownFileType = text.plist.xml; path = "GoogleService-Info.plist"; sourceTree = "<group>"; };
		3A4263492891843600962D0C /* AuthViewModel.swift */ = {isa = PBXFileReference; lastKnownFileType = sourcecode.swift; path = AuthViewModel.swift; sourceTree = "<group>"; };
		3A5EF2BC2881CC9D00CFEBA6 /* TwitterCloneSwiftUI.app */ = {isa = PBXFileReference; explicitFileType = wrapper.application; includeInIndex = 0; path = TwitterCloneSwiftUI.app; sourceTree = BUILT_PRODUCTS_DIR; };
		3A5EF2BF2881CC9D00CFEBA6 /* TwitterCloneSwiftUIApp.swift */ = {isa = PBXFileReference; lastKnownFileType = sourcecode.swift; path = TwitterCloneSwiftUIApp.swift; sourceTree = "<group>"; };
		3A5EF2C12881CC9D00CFEBA6 /* ContentView.swift */ = {isa = PBXFileReference; lastKnownFileType = sourcecode.swift; path = ContentView.swift; sourceTree = "<group>"; };
		3A5EF2C32881CCA200CFEBA6 /* Assets.xcassets */ = {isa = PBXFileReference; lastKnownFileType = folder.assetcatalog; path = Assets.xcassets; sourceTree = "<group>"; };
		3A5EF2C62881CCA200CFEBA6 /* Preview Assets.xcassets */ = {isa = PBXFileReference; lastKnownFileType = folder.assetcatalog; path = "Preview Assets.xcassets"; sourceTree = "<group>"; };
		3A5EF2D82881CF4600CFEBA6 /* FeedView.swift */ = {isa = PBXFileReference; lastKnownFileType = sourcecode.swift; path = FeedView.swift; sourceTree = "<group>"; };
		3A5EF2DD2883C33200CFEBA6 /* TweetRowView.swift */ = {isa = PBXFileReference; lastKnownFileType = sourcecode.swift; path = TweetRowView.swift; sourceTree = "<group>"; };
		3A5EF2E02883CA7A00CFEBA6 /* MainTabView.swift */ = {isa = PBXFileReference; lastKnownFileType = sourcecode.swift; path = MainTabView.swift; sourceTree = "<group>"; };
		3A5EF2E72883CD1B00CFEBA6 /* ExploreView.swift */ = {isa = PBXFileReference; lastKnownFileType = sourcecode.swift; path = ExploreView.swift; sourceTree = "<group>"; };
		3A5EF2E92883CD3900CFEBA6 /* NotificationView.swift */ = {isa = PBXFileReference; lastKnownFileType = sourcecode.swift; path = NotificationView.swift; sourceTree = "<group>"; };
		3A5EF2EB2883CD4400CFEBA6 /* MessageView.swift */ = {isa = PBXFileReference; lastKnownFileType = sourcecode.swift; path = MessageView.swift; sourceTree = "<group>"; };
		3A5EF2EF2883E69900CFEBA6 /* ProfileView.swift */ = {isa = PBXFileReference; lastKnownFileType = sourcecode.swift; path = ProfileView.swift; sourceTree = "<group>"; };
		3A5EF32C28898A9100CFEBA6 /* TweetFilterViewModel.swift */ = {isa = PBXFileReference; lastKnownFileType = sourcecode.swift; path = TweetFilterViewModel.swift; sourceTree = "<group>"; };
		3A5EF3312889944200CFEBA6 /* UserRowView.swift */ = {isa = PBXFileReference; lastKnownFileType = sourcecode.swift; path = UserRowView.swift; sourceTree = "<group>"; };
		3A5EF336288C2A0500CFEBA6 /* SideMenuView.swift */ = {isa = PBXFileReference; lastKnownFileType = sourcecode.swift; path = SideMenuView.swift; sourceTree = "<group>"; };
		3A5EF338288C2A1500CFEBA6 /* SideMenuOptionRowView.swift */ = {isa = PBXFileReference; lastKnownFileType = sourcecode.swift; path = SideMenuOptionRowView.swift; sourceTree = "<group>"; };
		3A5EF33A288C2AB100CFEBA6 /* SideMenuViewModel.swift */ = {isa = PBXFileReference; lastKnownFileType = sourcecode.swift; path = SideMenuViewModel.swift; sourceTree = "<group>"; };
		3A5EF33C288C2D7800CFEBA6 /* UserStatusView.swift */ = {isa = PBXFileReference; lastKnownFileType = sourcecode.swift; path = UserStatusView.swift; sourceTree = "<group>"; };
		3A5EF341288D205500CFEBA6 /* NewTweetView.swift */ = {isa = PBXFileReference; lastKnownFileType = sourcecode.swift; path = NewTweetView.swift; sourceTree = "<group>"; };
		3A5EF343288D236100CFEBA6 /* TextArea.swift */ = {isa = PBXFileReference; lastKnownFileType = sourcecode.swift; path = TextArea.swift; sourceTree = "<group>"; };
/* End PBXFileReference section */

/* Begin PBXFrameworksBuildPhase section */
		3A5EF2B92881CC9D00CFEBA6 /* Frameworks */ = {
			isa = PBXFrameworksBuildPhase;
			buildActionMask = 2147483647;
			files = (
				3A4262DD28902EBD00962D0C /* FirebaseAuth in Frameworks */,
				3A4262E328902EBD00962D0C /* FirebaseStorage in Frameworks */,
				3A4262DF28902EBD00962D0C /* FirebaseFirestore in Frameworks */,
				3A4262E128902EBD00962D0C /* FirebaseFirestoreSwift in Frameworks */,
			);
			runOnlyForDeploymentPostprocessing = 0;
		};
/* End PBXFrameworksBuildPhase section */

/* Begin PBXGroup section */
		3A4262D6288FDA4400962D0C /* Authentication */ = {
			isa = PBXGroup;
			children = (
				3A4262D7288FDA6400962D0C /* AuthHeaderView.swift */,
			);
			path = Authentication;
			sourceTree = "<group>";
		};
		3A5EF2B32881CC9D00CFEBA6 = {
			isa = PBXGroup;
			children = (
				3A5EF2BE2881CC9D00CFEBA6 /* TwitterCloneSwiftUI */,
				3A5EF2BD2881CC9D00CFEBA6 /* Products */,
			);
			sourceTree = "<group>";
		};
		3A5EF2BD2881CC9D00CFEBA6 /* Products */ = {
			isa = PBXGroup;
			children = (
				3A5EF2BC2881CC9D00CFEBA6 /* TwitterCloneSwiftUI.app */,
			);
			name = Products;
			sourceTree = "<group>";
		};
		3A5EF2BE2881CC9D00CFEBA6 /* TwitterCloneSwiftUI */ = {
			isa = PBXGroup;
			children = (
				3A5EF2D42881CE3E00CFEBA6 /* Extensions */,
				3A5EF2D32881CE3C00CFEBA6 /* Model */,
				3A5EF2D22881CE3A00CFEBA6 /* Service */,
				3A5EF2D12881CE3500CFEBA6 /* Core */,
				3A5EF2BF2881CC9D00CFEBA6 /* TwitterCloneSwiftUIApp.swift */,
				3A5EF2C12881CC9D00CFEBA6 /* ContentView.swift */,
				3A5EF2C32881CCA200CFEBA6 /* Assets.xcassets */,
				3A4262D928902D6600962D0C /* GoogleService-Info.plist */,
				3A5EF2C52881CCA200CFEBA6 /* Preview Content */,
			);
			path = TwitterCloneSwiftUI;
			sourceTree = "<group>";
		};
		3A5EF2C52881CCA200CFEBA6 /* Preview Content */ = {
			isa = PBXGroup;
			children = (
				3A5EF2C62881CCA200CFEBA6 /* Preview Assets.xcassets */,
			);
			path = "Preview Content";
			sourceTree = "<group>";
		};
		3A5EF2CD2881CE2600CFEBA6 /* Components */ = {
			isa = PBXGroup;
			children = (
				3A4262D6288FDA4400962D0C /* Authentication */,
				3A5EF3302889942D00CFEBA6 /* Users */,
				3A5EF2DC2883C2E700CFEBA6 /* Tweets */,
				3A1721A1288D2FED004CFCA9 /* RoundedShape.swift */,
				3A5EF343288D236100CFEBA6 /* TextArea.swift */,
				3A1721A3288D46C0004CFCA9 /* CustomInputField.swift */,
			);
			path = Components;
			sourceTree = "<group>";
		};
		3A5EF2D12881CE3500CFEBA6 /* Core */ = {
			isa = PBXGroup;
			children = (
				3A5EF2CD2881CE2600CFEBA6 /* Components */,
				3A5EF345288D2CEA00CFEBA6 /* Authentication */,
				3A5EF33E288D202700CFEBA6 /* UploadTweet */,
				3A5EF333288AF52D00CFEBA6 /* SideMenu */,
				3A5EF2E62883CCE100CFEBA6 /* Profile */,
				3A5EF2E42883CC2200CFEBA6 /* Explore */,
				3A5EF2E22883CC1800CFEBA6 /* Notification */,
				3A5EF2E52883CCC900CFEBA6 /* Messages */,
				3A5EF2DF2883CA1E00CFEBA6 /* MainTab */,
				3A5EF2D52881CEB800CFEBA6 /* Feed */,
			);
			path = Core;
			sourceTree = "<group>";
		};
		3A5EF2D22881CE3A00CFEBA6 /* Service */ = {
			isa = PBXGroup;
			children = (
			);
			path = Service;
			sourceTree = "<group>";
		};
		3A5EF2D32881CE3C00CFEBA6 /* Model */ = {
			isa = PBXGroup;
			children = (
			);
			path = Model;
			sourceTree = "<group>";
		};
		3A5EF2D42881CE3E00CFEBA6 /* Extensions */ = {
			isa = PBXGroup;
			children = (
			);
			path = Extensions;
			sourceTree = "<group>";
		};
		3A5EF2D52881CEB800CFEBA6 /* Feed */ = {
			isa = PBXGroup;
			children = (
				3A5EF2D72881CF0700CFEBA6 /* ViewModels */,
				3A5EF2D62881CF0500CFEBA6 /* View */,
			);
			path = Feed;
			sourceTree = "<group>";
		};
		3A5EF2D62881CF0500CFEBA6 /* View */ = {
			isa = PBXGroup;
			children = (
				3A5EF2D82881CF4600CFEBA6 /* FeedView.swift */,
			);
			path = View;
			sourceTree = "<group>";
		};
		3A5EF2D72881CF0700CFEBA6 /* ViewModels */ = {
			isa = PBXGroup;
			children = (
			);
			name = ViewModels;
			path = "New Group/ViewModels";
			sourceTree = "<group>";
		};
		3A5EF2DC2883C2E700CFEBA6 /* Tweets */ = {
			isa = PBXGroup;
			children = (
				3A5EF2DD2883C33200CFEBA6 /* TweetRowView.swift */,
			);
			path = Tweets;
			sourceTree = "<group>";
		};
		3A5EF2DF2883CA1E00CFEBA6 /* MainTab */ = {
			isa = PBXGroup;
			children = (
				3A5EF2E02883CA7A00CFEBA6 /* MainTabView.swift */,
			);
			path = MainTab;
			sourceTree = "<group>";
		};
		3A5EF2E22883CC1800CFEBA6 /* Notification */ = {
			isa = PBXGroup;
			children = (
				3A5EF2E92883CD3900CFEBA6 /* NotificationView.swift */,
			);
			path = Notification;
			sourceTree = "<group>";
		};
		3A5EF2E42883CC2200CFEBA6 /* Explore */ = {
			isa = PBXGroup;
			children = (
				3A5EF32E288993DA00CFEBA6 /* Views */,
				3A5EF32F288993EC00CFEBA6 /* ViewModels */,
			);
			path = Explore;
			sourceTree = "<group>";
		};
		3A5EF2E52883CCC900CFEBA6 /* Messages */ = {
			isa = PBXGroup;
			children = (
				3A5EF2EB2883CD4400CFEBA6 /* MessageView.swift */,
			);
			path = Messages;
			sourceTree = "<group>";
		};
		3A5EF2E62883CCE100CFEBA6 /* Profile */ = {
			isa = PBXGroup;
			children = (
				3A5EF2EE2883E68900CFEBA6 /* Views */,
				3A5EF2ED2883E68100CFEBA6 /* ViewModels */,
			);
			path = Profile;
			sourceTree = "<group>";
		};
		3A5EF2ED2883E68100CFEBA6 /* ViewModels */ = {
			isa = PBXGroup;
			children = (
				3A5EF32C28898A9100CFEBA6 /* TweetFilterViewModel.swift */,
			);
			path = ViewModels;
			sourceTree = "<group>";
		};
		3A5EF2EE2883E68900CFEBA6 /* Views */ = {
			isa = PBXGroup;
			children = (
				3A5EF2EF2883E69900CFEBA6 /* ProfileView.swift */,
			);
			path = Views;
			sourceTree = "<group>";
		};
		3A5EF32E288993DA00CFEBA6 /* Views */ = {
			isa = PBXGroup;
			children = (
				3A5EF2E72883CD1B00CFEBA6 /* ExploreView.swift */,
			);
			path = Views;
			sourceTree = "<group>";
		};
		3A5EF32F288993EC00CFEBA6 /* ViewModels */ = {
			isa = PBXGroup;
			children = (
			);
			path = ViewModels;
			sourceTree = "<group>";
		};
		3A5EF3302889942D00CFEBA6 /* Users */ = {
			isa = PBXGroup;
			children = (
				3A5EF3312889944200CFEBA6 /* UserRowView.swift */,
				3A5EF33C288C2D7800CFEBA6 /* UserStatusView.swift */,
			);
			path = Users;
			sourceTree = "<group>";
		};
		3A5EF333288AF52D00CFEBA6 /* SideMenu */ = {
			isa = PBXGroup;
			children = (
				3A5EF334288AF53C00CFEBA6 /* Views */,
				3A5EF335288AF54400CFEBA6 /* ViewModels */,
			);
			path = SideMenu;
			sourceTree = "<group>";
		};
		3A5EF334288AF53C00CFEBA6 /* Views */ = {
			isa = PBXGroup;
			children = (
				3A5EF336288C2A0500CFEBA6 /* SideMenuView.swift */,
				3A5EF338288C2A1500CFEBA6 /* SideMenuOptionRowView.swift */,
			);
			path = Views;
			sourceTree = "<group>";
		};
		3A5EF335288AF54400CFEBA6 /* ViewModels */ = {
			isa = PBXGroup;
			children = (
				3A5EF33A288C2AB100CFEBA6 /* SideMenuViewModel.swift */,
			);
			path = ViewModels;
			sourceTree = "<group>";
		};
		3A5EF33E288D202700CFEBA6 /* UploadTweet */ = {
			isa = PBXGroup;
			children = (
				3A5EF340288D204000CFEBA6 /* Views */,
				3A5EF33F288D203900CFEBA6 /* ViewModels */,
			);
			path = UploadTweet;
			sourceTree = "<group>";
		};
		3A5EF33F288D203900CFEBA6 /* ViewModels */ = {
			isa = PBXGroup;
			children = (
			);
			path = ViewModels;
			sourceTree = "<group>";
		};
		3A5EF340288D204000CFEBA6 /* Views */ = {
			isa = PBXGroup;
			children = (
				3A5EF341288D205500CFEBA6 /* NewTweetView.swift */,
			);
			path = Views;
			sourceTree = "<group>";
		};
		3A5EF345288D2CEA00CFEBA6 /* Authentication */ = {
			isa = PBXGroup;
			children = (
				3A5EF347288D2CF700CFEBA6 /* Views */,
				3A5EF346288D2CEF00CFEBA6 /* ViewModels */,
			);
			path = Authentication;
			sourceTree = "<group>";
		};
		3A5EF346288D2CEF00CFEBA6 /* ViewModels */ = {
			isa = PBXGroup;
			children = (
				3A4263492891843600962D0C /* AuthViewModel.swift */,
			);
			path = ViewModels;
			sourceTree = "<group>";
		};
		3A5EF347288D2CF700CFEBA6 /* Views */ = {
			isa = PBXGroup;
			children = (
				3A17219D288D2DA5004CFCA9 /* LoginView.swift */,
				3A17219F288D2DB0004CFCA9 /* RegistrationView.swift */,
			);
			path = Views;
			sourceTree = "<group>";
		};
/* End PBXGroup section */

/* Begin PBXNativeTarget section */
		3A5EF2BB2881CC9D00CFEBA6 /* TwitterCloneSwiftUI */ = {
			isa = PBXNativeTarget;
			buildConfigurationList = 3A5EF2CA2881CCA200CFEBA6 /* Build configuration list for PBXNativeTarget "TwitterCloneSwiftUI" */;
			buildPhases = (
				3A5EF2B82881CC9D00CFEBA6 /* Sources */,
				3A5EF2B92881CC9D00CFEBA6 /* Frameworks */,
				3A5EF2BA2881CC9D00CFEBA6 /* Resources */,
			);
			buildRules = (
			);
			dependencies = (
			);
			name = TwitterCloneSwiftUI;
			packageProductDependencies = (
				3A4262DC28902EBD00962D0C /* FirebaseAuth */,
				3A4262DE28902EBD00962D0C /* FirebaseFirestore */,
				3A4262E028902EBD00962D0C /* FirebaseFirestoreSwift */,
				3A4262E228902EBD00962D0C /* FirebaseStorage */,
			);
			productName = TwitterCloneSwiftUI;
			productReference = 3A5EF2BC2881CC9D00CFEBA6 /* TwitterCloneSwiftUI.app */;
			productType = "com.apple.product-type.application";
		};
/* End PBXNativeTarget section */

/* Begin PBXProject section */
		3A5EF2B42881CC9D00CFEBA6 /* Project object */ = {
			isa = PBXProject;
			attributes = {
				BuildIndependentTargetsInParallel = 1;
				LastSwiftUpdateCheck = 1340;
				LastUpgradeCheck = 1340;
				TargetAttributes = {
					3A5EF2BB2881CC9D00CFEBA6 = {
						CreatedOnToolsVersion = 13.4.1;
					};
				};
			};
			buildConfigurationList = 3A5EF2B72881CC9D00CFEBA6 /* Build configuration list for PBXProject "TwitterCloneSwiftUI" */;
			compatibilityVersion = "Xcode 13.0";
			developmentRegion = en;
			hasScannedForEncodings = 0;
			knownRegions = (
				en,
				Base,
			);
			mainGroup = 3A5EF2B32881CC9D00CFEBA6;
			packageReferences = (
				3A4262DB28902EBD00962D0C /* XCRemoteSwiftPackageReference "firebase-ios-sdk" */,
			);
			productRefGroup = 3A5EF2BD2881CC9D00CFEBA6 /* Products */;
			projectDirPath = "";
			projectRoot = "";
			targets = (
				3A5EF2BB2881CC9D00CFEBA6 /* TwitterCloneSwiftUI */,
			);
		};
/* End PBXProject section */

/* Begin PBXResourcesBuildPhase section */
		3A5EF2BA2881CC9D00CFEBA6 /* Resources */ = {
			isa = PBXResourcesBuildPhase;
			buildActionMask = 2147483647;
			files = (
				3A5EF2C72881CCA200CFEBA6 /* Preview Assets.xcassets in Resources */,
				3A5EF2C42881CCA200CFEBA6 /* Assets.xcassets in Resources */,
				3A4262DA28902D6600962D0C /* GoogleService-Info.plist in Resources */,
			);
			runOnlyForDeploymentPostprocessing = 0;
		};
/* End PBXResourcesBuildPhase section */

/* Begin PBXSourcesBuildPhase section */
		3A5EF2B82881CC9D00CFEBA6 /* Sources */ = {
			isa = PBXSourcesBuildPhase;
			buildActionMask = 2147483647;
			files = (
				3A5EF2C22881CC9D00CFEBA6 /* ContentView.swift in Sources */,
				3A5EF2F02883E69900CFEBA6 /* ProfileView.swift in Sources */,
				3A5EF2DE2883C33200CFEBA6 /* TweetRowView.swift in Sources */,
				3A5EF339288C2A1500CFEBA6 /* SideMenuOptionRowView.swift in Sources */,
				3A1721A4288D46C0004CFCA9 /* CustomInputField.swift in Sources */,
				3A5EF2EA2883CD3900CFEBA6 /* NotificationView.swift in Sources */,
				3A5EF32D28898A9200CFEBA6 /* TweetFilterViewModel.swift in Sources */,
				3A4262D8288FDA6400962D0C /* AuthHeaderView.swift in Sources */,
				3A5EF2D92881CF4600CFEBA6 /* FeedView.swift in Sources */,
				3A5EF337288C2A0500CFEBA6 /* SideMenuView.swift in Sources */,
				3A1721A0288D2DB0004CFCA9 /* RegistrationView.swift in Sources */,
				3A5EF2EC2883CD4400CFEBA6 /* MessageView.swift in Sources */,
				3A5EF2C02881CC9D00CFEBA6 /* TwitterCloneSwiftUIApp.swift in Sources */,
				3A5EF344288D236100CFEBA6 /* TextArea.swift in Sources */,
				3A5EF33B288C2AB100CFEBA6 /* SideMenuViewModel.swift in Sources */,
				3A17219E288D2DA5004CFCA9 /* LoginView.swift in Sources */,
				3A5EF342288D205500CFEBA6 /* NewTweetView.swift in Sources */,
				3A42634A2891843600962D0C /* AuthViewModel.swift in Sources */,
				3A1721A2288D2FED004CFCA9 /* RoundedShape.swift in Sources */,
				3A5EF33D288C2D7800CFEBA6 /* UserStatusView.swift in Sources */,
				3A5EF3322889944200CFEBA6 /* UserRowView.swift in Sources */,
				3A5EF2E82883CD1B00CFEBA6 /* ExploreView.swift in Sources */,
				3A5EF2E12883CA7A00CFEBA6 /* MainTabView.swift in Sources */,
			);
			runOnlyForDeploymentPostprocessing = 0;
		};
/* End PBXSourcesBuildPhase section */

/* Begin XCBuildConfiguration section */
		3A5EF2C82881CCA200CFEBA6 /* Debug */ = {
			isa = XCBuildConfiguration;
			buildSettings = {
				ALWAYS_SEARCH_USER_PATHS = NO;
				CLANG_ANALYZER_NONNULL = YES;
				CLANG_ANALYZER_NUMBER_OBJECT_CONVERSION = YES_AGGRESSIVE;
				CLANG_CXX_LANGUAGE_STANDARD = "gnu++17";
				CLANG_ENABLE_MODULES = YES;
				CLANG_ENABLE_OBJC_ARC = YES;
				CLANG_ENABLE_OBJC_WEAK = YES;
				CLANG_WARN_BLOCK_CAPTURE_AUTORELEASING = YES;
				CLANG_WARN_BOOL_CONVERSION = YES;
				CLANG_WARN_COMMA = YES;
				CLANG_WARN_CONSTANT_CONVERSION = YES;
				CLANG_WARN_DEPRECATED_OBJC_IMPLEMENTATIONS = YES;
				CLANG_WARN_DIRECT_OBJC_ISA_USAGE = YES_ERROR;
				CLANG_WARN_DOCUMENTATION_COMMENTS = YES;
				CLANG_WARN_EMPTY_BODY = YES;
				CLANG_WARN_ENUM_CONVERSION = YES;
				CLANG_WARN_INFINITE_RECURSION = YES;
				CLANG_WARN_INT_CONVERSION = YES;
				CLANG_WARN_NON_LITERAL_NULL_CONVERSION = YES;
				CLANG_WARN_OBJC_IMPLICIT_RETAIN_SELF = YES;
				CLANG_WARN_OBJC_LITERAL_CONVERSION = YES;
				CLANG_WARN_OBJC_ROOT_CLASS = YES_ERROR;
				CLANG_WARN_QUOTED_INCLUDE_IN_FRAMEWORK_HEADER = YES;
				CLANG_WARN_RANGE_LOOP_ANALYSIS = YES;
				CLANG_WARN_STRICT_PROTOTYPES = YES;
				CLANG_WARN_SUSPICIOUS_MOVE = YES;
				CLANG_WARN_UNGUARDED_AVAILABILITY = YES_AGGRESSIVE;
				CLANG_WARN_UNREACHABLE_CODE = YES;
				CLANG_WARN__DUPLICATE_METHOD_MATCH = YES;
				COPY_PHASE_STRIP = NO;
				DEBUG_INFORMATION_FORMAT = dwarf;
				ENABLE_STRICT_OBJC_MSGSEND = YES;
				ENABLE_TESTABILITY = YES;
				GCC_C_LANGUAGE_STANDARD = gnu11;
				GCC_DYNAMIC_NO_PIC = NO;
				GCC_NO_COMMON_BLOCKS = YES;
				GCC_OPTIMIZATION_LEVEL = 0;
				GCC_PREPROCESSOR_DEFINITIONS = (
					"DEBUG=1",
					"$(inherited)",
				);
				GCC_WARN_64_TO_32_BIT_CONVERSION = YES;
				GCC_WARN_ABOUT_RETURN_TYPE = YES_ERROR;
				GCC_WARN_UNDECLARED_SELECTOR = YES;
				GCC_WARN_UNINITIALIZED_AUTOS = YES_AGGRESSIVE;
				GCC_WARN_UNUSED_FUNCTION = YES;
				GCC_WARN_UNUSED_VARIABLE = YES;
				IPHONEOS_DEPLOYMENT_TARGET = 15.5;
				MTL_ENABLE_DEBUG_INFO = INCLUDE_SOURCE;
				MTL_FAST_MATH = YES;
				ONLY_ACTIVE_ARCH = YES;
				SDKROOT = iphoneos;
				SWIFT_ACTIVE_COMPILATION_CONDITIONS = DEBUG;
				SWIFT_OPTIMIZATION_LEVEL = "-Onone";
			};
			name = Debug;
		};
		3A5EF2C92881CCA200CFEBA6 /* Release */ = {
			isa = XCBuildConfiguration;
			buildSettings = {
				ALWAYS_SEARCH_USER_PATHS = NO;
				CLANG_ANALYZER_NONNULL = YES;
				CLANG_ANALYZER_NUMBER_OBJECT_CONVERSION = YES_AGGRESSIVE;
				CLANG_CXX_LANGUAGE_STANDARD = "gnu++17";
				CLANG_ENABLE_MODULES = YES;
				CLANG_ENABLE_OBJC_ARC = YES;
				CLANG_ENABLE_OBJC_WEAK = YES;
				CLANG_WARN_BLOCK_CAPTURE_AUTORELEASING = YES;
				CLANG_WARN_BOOL_CONVERSION = YES;
				CLANG_WARN_COMMA = YES;
				CLANG_WARN_CONSTANT_CONVERSION = YES;
				CLANG_WARN_DEPRECATED_OBJC_IMPLEMENTATIONS = YES;
				CLANG_WARN_DIRECT_OBJC_ISA_USAGE = YES_ERROR;
				CLANG_WARN_DOCUMENTATION_COMMENTS = YES;
				CLANG_WARN_EMPTY_BODY = YES;
				CLANG_WARN_ENUM_CONVERSION = YES;
				CLANG_WARN_INFINITE_RECURSION = YES;
				CLANG_WARN_INT_CONVERSION = YES;
				CLANG_WARN_NON_LITERAL_NULL_CONVERSION = YES;
				CLANG_WARN_OBJC_IMPLICIT_RETAIN_SELF = YES;
				CLANG_WARN_OBJC_LITERAL_CONVERSION = YES;
				CLANG_WARN_OBJC_ROOT_CLASS = YES_ERROR;
				CLANG_WARN_QUOTED_INCLUDE_IN_FRAMEWORK_HEADER = YES;
				CLANG_WARN_RANGE_LOOP_ANALYSIS = YES;
				CLANG_WARN_STRICT_PROTOTYPES = YES;
				CLANG_WARN_SUSPICIOUS_MOVE = YES;
				CLANG_WARN_UNGUARDED_AVAILABILITY = YES_AGGRESSIVE;
				CLANG_WARN_UNREACHABLE_CODE = YES;
				CLANG_WARN__DUPLICATE_METHOD_MATCH = YES;
				COPY_PHASE_STRIP = NO;
				DEBUG_INFORMATION_FORMAT = "dwarf-with-dsym";
				ENABLE_NS_ASSERTIONS = NO;
				ENABLE_STRICT_OBJC_MSGSEND = YES;
				GCC_C_LANGUAGE_STANDARD = gnu11;
				GCC_NO_COMMON_BLOCKS = YES;
				GCC_WARN_64_TO_32_BIT_CONVERSION = YES;
				GCC_WARN_ABOUT_RETURN_TYPE = YES_ERROR;
				GCC_WARN_UNDECLARED_SELECTOR = YES;
				GCC_WARN_UNINITIALIZED_AUTOS = YES_AGGRESSIVE;
				GCC_WARN_UNUSED_FUNCTION = YES;
				GCC_WARN_UNUSED_VARIABLE = YES;
				IPHONEOS_DEPLOYMENT_TARGET = 15.5;
				MTL_ENABLE_DEBUG_INFO = NO;
				MTL_FAST_MATH = YES;
				SDKROOT = iphoneos;
				SWIFT_COMPILATION_MODE = wholemodule;
				SWIFT_OPTIMIZATION_LEVEL = "-O";
				VALIDATE_PRODUCT = YES;
			};
			name = Release;
		};
		3A5EF2CB2881CCA200CFEBA6 /* Debug */ = {
			isa = XCBuildConfiguration;
			buildSettings = {
				ASSETCATALOG_COMPILER_APPICON_NAME = AppIcon;
				ASSETCATALOG_COMPILER_GLOBAL_ACCENT_COLOR_NAME = AccentColor;
				CODE_SIGN_STYLE = Automatic;
				CURRENT_PROJECT_VERSION = 1;
				DEVELOPMENT_ASSET_PATHS = "\"TwitterCloneSwiftUI/Preview Content\"";
				DEVELOPMENT_TEAM = TTJ8ACNPDZ;
				ENABLE_PREVIEWS = YES;
				GENERATE_INFOPLIST_FILE = YES;
				INFOPLIST_KEY_UIApplicationSceneManifest_Generation = YES;
				INFOPLIST_KEY_UIApplicationSupportsIndirectInputEvents = YES;
				INFOPLIST_KEY_UILaunchScreen_Generation = YES;
				INFOPLIST_KEY_UISupportedInterfaceOrientations_iPad = "UIInterfaceOrientationPortrait UIInterfaceOrientationPortraitUpsideDown UIInterfaceOrientationLandscapeLeft UIInterfaceOrientationLandscapeRight";
				INFOPLIST_KEY_UISupportedInterfaceOrientations_iPhone = "UIInterfaceOrientationPortrait UIInterfaceOrientationLandscapeLeft UIInterfaceOrientationLandscapeRight";
				LD_RUNPATH_SEARCH_PATHS = (
					"$(inherited)",
					"@executable_path/Frameworks",
				);
				MARKETING_VERSION = 1.0;
				PRODUCT_BUNDLE_IDENTIFIER = Taewoo.TwitterCloneSwiftUI;
				PRODUCT_NAME = "$(TARGET_NAME)";
				SWIFT_EMIT_LOC_STRINGS = YES;
				SWIFT_VERSION = 5.0;
				TARGETED_DEVICE_FAMILY = "1,2";
			};
			name = Debug;
		};
		3A5EF2CC2881CCA200CFEBA6 /* Release */ = {
			isa = XCBuildConfiguration;
			buildSettings = {
				ASSETCATALOG_COMPILER_APPICON_NAME = AppIcon;
				ASSETCATALOG_COMPILER_GLOBAL_ACCENT_COLOR_NAME = AccentColor;
				CODE_SIGN_STYLE = Automatic;
				CURRENT_PROJECT_VERSION = 1;
				DEVELOPMENT_ASSET_PATHS = "\"TwitterCloneSwiftUI/Preview Content\"";
				DEVELOPMENT_TEAM = TTJ8ACNPDZ;
				ENABLE_PREVIEWS = YES;
				GENERATE_INFOPLIST_FILE = YES;
				INFOPLIST_KEY_UIApplicationSceneManifest_Generation = YES;
				INFOPLIST_KEY_UIApplicationSupportsIndirectInputEvents = YES;
				INFOPLIST_KEY_UILaunchScreen_Generation = YES;
				INFOPLIST_KEY_UISupportedInterfaceOrientations_iPad = "UIInterfaceOrientationPortrait UIInterfaceOrientationPortraitUpsideDown UIInterfaceOrientationLandscapeLeft UIInterfaceOrientationLandscapeRight";
				INFOPLIST_KEY_UISupportedInterfaceOrientations_iPhone = "UIInterfaceOrientationPortrait UIInterfaceOrientationLandscapeLeft UIInterfaceOrientationLandscapeRight";
				LD_RUNPATH_SEARCH_PATHS = (
					"$(inherited)",
					"@executable_path/Frameworks",
				);
				MARKETING_VERSION = 1.0;
				PRODUCT_BUNDLE_IDENTIFIER = Taewoo.TwitterCloneSwiftUI;
				PRODUCT_NAME = "$(TARGET_NAME)";
				SWIFT_EMIT_LOC_STRINGS = YES;
				SWIFT_VERSION = 5.0;
				TARGETED_DEVICE_FAMILY = "1,2";
			};
			name = Release;
		};
/* End XCBuildConfiguration section */

/* Begin XCConfigurationList section */
		3A5EF2B72881CC9D00CFEBA6 /* Build configuration list for PBXProject "TwitterCloneSwiftUI" */ = {
			isa = XCConfigurationList;
			buildConfigurations = (
				3A5EF2C82881CCA200CFEBA6 /* Debug */,
				3A5EF2C92881CCA200CFEBA6 /* Release */,
			);
			defaultConfigurationIsVisible = 0;
			defaultConfigurationName = Release;
		};
		3A5EF2CA2881CCA200CFEBA6 /* Build configuration list for PBXNativeTarget "TwitterCloneSwiftUI" */ = {
			isa = XCConfigurationList;
			buildConfigurations = (
				3A5EF2CB2881CCA200CFEBA6 /* Debug */,
				3A5EF2CC2881CCA200CFEBA6 /* Release */,
			);
			defaultConfigurationIsVisible = 0;
			defaultConfigurationName = Release;
		};
/* End XCConfigurationList section */

/* Begin XCRemoteSwiftPackageReference section */
		3A4262DB28902EBD00962D0C /* XCRemoteSwiftPackageReference "firebase-ios-sdk" */ = {
			isa = XCRemoteSwiftPackageReference;
			repositoryURL = "https://github.com/firebase/firebase-ios-sdk";
			requirement = {
				kind = upToNextMajorVersion;
				minimumVersion = 9.0.0;
			};
		};
/* End XCRemoteSwiftPackageReference section */

/* Begin XCSwiftPackageProductDependency section */
		3A4262DC28902EBD00962D0C /* FirebaseAuth */ = {
			isa = XCSwiftPackageProductDependency;
			package = 3A4262DB28902EBD00962D0C /* XCRemoteSwiftPackageReference "firebase-ios-sdk" */;
			productName = FirebaseAuth;
		};
		3A4262DE28902EBD00962D0C /* FirebaseFirestore */ = {
			isa = XCSwiftPackageProductDependency;
			package = 3A4262DB28902EBD00962D0C /* XCRemoteSwiftPackageReference "firebase-ios-sdk" */;
			productName = FirebaseFirestore;
		};
		3A4262E028902EBD00962D0C /* FirebaseFirestoreSwift */ = {
			isa = XCSwiftPackageProductDependency;
			package = 3A4262DB28902EBD00962D0C /* XCRemoteSwiftPackageReference "firebase-ios-sdk" */;
			productName = FirebaseFirestoreSwift;
		};
		3A4262E228902EBD00962D0C /* FirebaseStorage */ = {
			isa = XCSwiftPackageProductDependency;
			package = 3A4262DB28902EBD00962D0C /* XCRemoteSwiftPackageReference "firebase-ios-sdk" */;
			productName = FirebaseStorage;
		};
/* End XCSwiftPackageProductDependency section */
	};
	rootObject = 3A5EF2B42881CC9D00CFEBA6 /* Project object */;
}
